
Microsoft Visual Studio Solution File, Format Version 12.00
# Visual Studio Version 17
VisualStudioVersion = 17.5.33502.453
MinimumVisualStudioVersion = 10.0.40219.1
Project("{FAE04EC0-301F-11D3-BF4B-00C04F79EFBC}") = "BMS_SMS", "BMS_SMS\BMS_SMS.csproj", "{4FA44718-093E-4061-B29C-23B246CC9CD1}"
EndProject
Global
	GlobalSection(SolutionConfigurationPlatforms) = preSolution
		Debug|Any CPU = Debug|Any CPU
		Release|Any CPU = Release|Any CPU
	EndGlobalSection
	GlobalSection(ProjectConfigurationPlatforms) = postSolution
		{4FA44718-093E-4061-B29C-23B246CC9CD1}.Debug|Any CPU.ActiveCfg = Debug|Any CPU
		{4FA44718-093E-4061-B29C-23B246CC9CD1}.Debug|Any CPU.Build.0 = Debug|Any CPU
		{4FA44718-093E-4061-B29C-23B246CC9CD1}.Release|Any CPU.ActiveCfg = Release|Any CPU
		{4FA44718-093E-4061-B29C-23B246CC9CD1}.Release|Any CPU.Build.0 = Release|Any CPU
	EndGlobalSection
	GlobalSection(SolutionProperties) = preSolution
		HideSolutionNode = FALSE
	EndGlobalSection
	GlobalSection(ExtensibilityGlobals) = postSolution
		SolutionGuid = {1CF712CB-1657-404A-BDD9-BBB5C6C2CC6C}
	EndGlobalSection
EndGlobal
